
Microsoft Visual Studio Solution File, Format Version 12.00
# Visual Studio Express 2013 for Windows Desktop
VisualStudioVersion = 12.0.30723.0
MinimumVisualStudioVersion = 10.0.40219.1
Project("{FAE04EC0-301F-11D3-BF4B-00C04F79EFBC}") = "Image", "WpfApplication3\Image.csproj", "{465D3E24-6B96-4595-A5A0-91688342F56D}"
EndProject
Global
	GlobalSection(SolutionConfigurationPlatforms) = preSolution
		Debug|Any CPU = Debug|Any CPU
		Release|Any CPU = Release|Any CPU
	EndGlobalSection
	GlobalSection(ProjectConfigurationPlatforms) = postSolution
		{465D3E24-6B96-4595-A5A0-91688342F56D}.Debug|Any CPU.ActiveCfg = Debug|Any CPU
		{465D3E24-6B96-4595-A5A0-91688342F56D}.Debug|Any CPU.Build.0 = Debug|Any CPU
		{465D3E24-6B96-4595-A5A0-91688342F56D}.Release|Any CPU.ActiveCfg = Release|Any CPU
		{465D3E24-6B96-4595-A5A0-91688342F56D}.Release|Any CPU.Build.0 = Release|Any CPU
	EndGlobalSection
	GlobalSection(SolutionProperties) = preSolution
		HideSolutionNode = FALSE
	EndGlobalSection
EndGlobal
